
Microsoft Visual Studio Solution File, Format Version 12.00
# Visual Studio Version 16
VisualStudioVersion = 16.0.30907.101
MinimumVisualStudioVersion = 10.0.40219.1
Project("{888888A0-9F3D-457C-B088-3A5042F75D52}") = "HerenciaYPOO 2", "HerenciaYPOO 2\HerenciaYPOO 2.pyproj", "{DC472350-6F25-4659-828B-E1580442A0B2}"
EndProject
Global
	GlobalSection(SolutionConfigurationPlatforms) = preSolution
		Debug|Any CPU = Debug|Any CPU
		Release|Any CPU = Release|Any CPU
	EndGlobalSection
	GlobalSection(ProjectConfigurationPlatforms) = postSolution
		{DC472350-6F25-4659-828B-E1580442A0B2}.Debug|Any CPU.ActiveCfg = Debug|Any CPU
		{DC472350-6F25-4659-828B-E1580442A0B2}.Release|Any CPU.ActiveCfg = Release|Any CPU
	EndGlobalSection
	GlobalSection(SolutionProperties) = preSolution
		HideSolutionNode = FALSE
	EndGlobalSection
	GlobalSection(ExtensibilityGlobals) = postSolution
		SolutionGuid = {63F360E7-C147-4212-8C1D-3428FC0D1853}
	EndGlobalSection
EndGlobal
